
Microsoft Visual Studio Solution File, Format Version 12.00
Project("{FAE04EC0-301F-11D3-BF4B-00C04F79EFBC}") = "MinimalEvents", "MinimalEvents\MinimalEvents.csproj", "{BE042839-EE64-4B26-B154-21BD9D556B8D}"
EndProject
Project("{FAE04EC0-301F-11D3-BF4B-00C04F79EFBC}") = "MinimalEventsTests", "MinimalEventsTests\MinimalEventsTests.csproj", "{8A7AB401-AB1D-4028-B8CD-DC8DD3266DFE}"
EndProject
Global
	GlobalSection(SolutionConfigurationPlatforms) = preSolution
		Debug|Any CPU = Debug|Any CPU
		Release|Any CPU = Release|Any CPU
	EndGlobalSection
	GlobalSection(ProjectConfigurationPlatforms) = postSolution
		{BE042839-EE64-4B26-B154-21BD9D556B8D}.Debug|Any CPU.ActiveCfg = Debug|Any CPU
		{BE042839-EE64-4B26-B154-21BD9D556B8D}.Debug|Any CPU.Build.0 = Debug|Any CPU
		{BE042839-EE64-4B26-B154-21BD9D556B8D}.Release|Any CPU.ActiveCfg = Release|Any CPU
		{BE042839-EE64-4B26-B154-21BD9D556B8D}.Release|Any CPU.Build.0 = Release|Any CPU
		{8A7AB401-AB1D-4028-B8CD-DC8DD3266DFE}.Debug|Any CPU.ActiveCfg = Debug|Any CPU
		{8A7AB401-AB1D-4028-B8CD-DC8DD3266DFE}.Debug|Any CPU.Build.0 = Debug|Any CPU
		{8A7AB401-AB1D-4028-B8CD-DC8DD3266DFE}.Release|Any CPU.ActiveCfg = Release|Any CPU
		{8A7AB401-AB1D-4028-B8CD-DC8DD3266DFE}.Release|Any CPU.Build.0 = Release|Any CPU
	EndGlobalSection
EndGlobal
